
Microsoft Visual Studio Solution File, Format Version 12.00
# Visual Studio 15
VisualStudioVersion = 15.0.26228.18
MinimumVisualStudioVersion = 10.0.40219.1
Project("{8BC9CEB8-8B4A-11D0-8D11-00A0C91BC942}") = "Tutor14-GGXGlobalIllumination", "14-GGXGlobalIllumination\14-GGXGlobalIllumination.vcxproj", "{CA04966C-BFDE-4BE9-A66F-1DCC7CE60429}"
EndProject
Project("{8BC9CEB8-8B4A-11D0-8D11-00A0C91BC942}") = "Falcor", "Falcor\Framework\Source\Falcor.vcxproj", "{3B602F0E-3834-4F73-B97D-7DFC91597A98}"
EndProject
Project("{8BC9CEB8-8B4A-11D0-8D11-00A0C91BC942}") = "FalcorSharedObjects", "Falcor\Framework\FalcorSharedObjects\FalcorSharedObjects.vcxproj", "{2C535635-E4C5-4098-A928-574F0E7CD5F9}"
EndProject
Global
	GlobalSection(SolutionConfigurationPlatforms) = preSolution
		DebugD3D12|x64 = DebugD3D12|x64
		DebugD3D12|x86 = DebugD3D12|x86
		ReleaseD3D12|x64 = ReleaseD3D12|x64
		ReleaseD3D12|x86 = ReleaseD3D12|x86
	EndGlobalSection
	GlobalSection(ProjectConfigurationPlatforms) = postSolution
		{CA04966C-BFDE-4BE9-A66F-1DCC7CE60429}.DebugD3D12|x64.ActiveCfg = Debug|x64
		{CA04966C-BFDE-4BE9-A66F-1DCC7CE60429}.DebugD3D12|x64.Build.0 = Debug|x64
		{CA04966C-BFDE-4BE9-A66F-1DCC7CE60429}.DebugD3D12|x64.Deploy.0 = Debug|x64
		{CA04966C-BFDE-4BE9-A66F-1DCC7CE60429}.DebugD3D12|x86.ActiveCfg = Release|x64
		{CA04966C-BFDE-4BE9-A66F-1DCC7CE60429}.DebugD3D12|x86.Build.0 = Release|x64
		{CA04966C-BFDE-4BE9-A66F-1DCC7CE60429}.DebugD3D12|x86.Deploy.0 = Release|x64
		{CA04966C-BFDE-4BE9-A66F-1DCC7CE60429}.ReleaseD3D12|x64.ActiveCfg = Release|x64
		{CA04966C-BFDE-4BE9-A66F-1DCC7CE60429}.ReleaseD3D12|x64.Build.0 = Release|x64
		{CA04966C-BFDE-4BE9-A66F-1DCC7CE60429}.ReleaseD3D12|x64.Deploy.0 = Release|x64
		{CA04966C-BFDE-4BE9-A66F-1DCC7CE60429}.ReleaseD3D12|x86.ActiveCfg = Release|x64
		{CA04966C-BFDE-4BE9-A66F-1DCC7CE60429}.ReleaseD3D12|x86.Build.0 = Release|x64
		{CA04966C-BFDE-4BE9-A66F-1DCC7CE60429}.ReleaseD3D12|x86.Deploy.0 = Release|x64
		{3B602F0E-3834-4F73-B97D-7DFC91597A98}.DebugD3D12|x64.ActiveCfg = DebugD3D12|x64
		{3B602F0E-3834-4F73-B97D-7DFC91597A98}.DebugD3D12|x64.Build.0 = DebugD3D12|x64
		{3B602F0E-3834-4F73-B97D-7DFC91597A98}.DebugD3D12|x86.ActiveCfg = DebugD3D12|x64
		{3B602F0E-3834-4F73-B97D-7DFC91597A98}.ReleaseD3D12|x64.ActiveCfg = ReleaseD3D12|x64
		{3B602F0E-3834-4F73-B97D-7DFC91597A98}.ReleaseD3D12|x64.Build.0 = ReleaseD3D12|x64
		{3B602F0E-3834-4F73-B97D-7DFC91597A98}.ReleaseD3D12|x86.ActiveCfg = ReleaseD3D12|x64
		{2C535635-E4C5-4098-A928-574F0E7CD5F9}.DebugD3D12|x64.ActiveCfg = DebugD3D12|x64
		{2C535635-E4C5-4098-A928-574F0E7CD5F9}.DebugD3D12|x64.Build.0 = DebugD3D12|x64
		{2C535635-E4C5-4098-A928-574F0E7CD5F9}.DebugD3D12|x86.ActiveCfg = DebugD3D12|x64
		{2C535635-E4C5-4098-A928-574F0E7CD5F9}.ReleaseD3D12|x64.ActiveCfg = ReleaseD3D12|x64
		{2C535635-E4C5-4098-A928-574F0E7CD5F9}.ReleaseD3D12|x64.Build.0 = ReleaseD3D12|x64
		{2C535635-E4C5-4098-A928-574F0E7CD5F9}.ReleaseD3D12|x86.ActiveCfg = ReleaseD3D12|x64
	EndGlobalSection
	GlobalSection(SolutionProperties) = preSolution
		HideSolutionNode = FALSE
	EndGlobalSection
	GlobalSection(ExtensibilityGlobals) = postSolution
		SolutionGuid = {849C3E5C-021C-45C4-AC3D-B2CE46B53BBD}
	EndGlobalSection
EndGlobal
